<?xml version="1.0" encoding="utf-8"?>
<Project ToolsVersion="4.0" xmlns="http://schemas.microsoft.com/developer/msbuild/2003">
  <ItemGroup>
    <Filter Include="Source Files">
      <UniqueIdentifier>{4FC737F1-C7A5-4376-A066-2A32D752A2FF}</UniqueIdentifier>
      <Extensions>cpp;c;cc;cxx;def;odl;idl;hpj;bat;asm;asmx</Extensions>
    </Filter>
    <Filter Include="Header Files">
      <UniqueIdentifier>{93995380-89BD-4b04-88EB-625FBE52EBFB}</UniqueIdentifier>
      <Extensions>h;hh;hpp;hxx;hm;inl;inc;xsd</Extensions>
    </Filter>
    <Filter Include="Resource Files">
      <UniqueIdentifier>{67DA6AB6-F800-4c08-8B7A-83BB121AAD01}</UniqueIdentifier>
      <Extensions>rc;ico;cur;bmp;dlg;rc2;rct;bin;rgs;gif;jpg;jpeg;jpe;resx;tiff;tif;png;wav;mfcribbon-ms</Extensions>
    </Filter>
  </ItemGroup>
  <ItemGroup>
    <ClCompile Include="main.cpp">
      <Filter>Source Files</Filter>
    </ClCompile>
    <ClCompile Include="Library\Math\Vector.cpp">
      <Filter>Source Files</Filter>
    </ClCompile>
    <ClCompile Include="Library\Math\Matrix.cpp">
      <Filter>Source Files</Filter>
    </ClCompile>
    <ClCompile Include="Library\Entity\ent.cpp">
      <Filter>Source Files</Filter>
    </ClCompile>
    <ClCompile Include="Rendering\input.cpp">
      <Filter>Source Files</Filter>
    </ClCompile>
    <ClCompile Include="Rendering\menu.cpp">
      <Filter>Source Files</Filter>
    </ClCompile>
    <ClCompile Include="Rendering\ui.cpp">
      <Filter>Source Files</Filter>
    </ClCompile>
    <ClCompile Include="Library\Collision\colliders.cpp">
      <Filter>Source Files</Filter>
    </ClCompile>
    <ClCompile Include="Library\Collision\Physics\phys.cpp">
      <Filter>Source Files</Filter>
    </ClCompile>
  </ItemGroup>
  <ItemGroup>
    <ClInclude Include="Library\Math\TemplateMath.h">
      <Filter>Header Files</Filter>
    </ClInclude>
    <ClInclude Include="Library\Math\Vec2.h">
      <Filter>Header Files</Filter>
    </ClInclude>
    <ClInclude Include="Library\Math\Vec3.h">
      <Filter>Header Files</Filter>
    </ClInclude>
    <ClInclude Include="Library\Math\Vec4.h">
      <Filter>Header Files</Filter>
    </ClInclude>
    <ClInclude Include="Library\Math\Matrix3.h">
      <Filter>Header Files</Filter>
    </ClInclude>
    <ClInclude Include="Library\Math\Matrix4.h">
      <Filter>Header Files</Filter>
    </ClInclude>
    <ClInclude Include="Library\Entity\Transform.h">
      <Filter>Header Files</Filter>
    </ClInclude>
    <ClInclude Include="Library\Entity\Rigidbody.h">
      <Filter>Header Files</Filter>
    </ClInclude>
    <ClInclude Include="Rendering\input.h">
      <Filter>Header Files</Filter>
    </ClInclude>
    <ClInclude Include="Rendering\ui.h">
      <Filter>Header Files</Filter>
    </ClInclude>
    <ClInclude Include="Rendering\sfwdraw.h">
      <Filter>Header Files</Filter>
    </ClInclude>
    <ClInclude Include="Library\Entity\Lifespan.h">
      <Filter>Header Files</Filter>
    </ClInclude>
    <ClInclude Include="Library\Entity\Stat.h">
      <Filter>Header Files</Filter>
    </ClInclude>
    <ClInclude Include="Library\Entity\Entity.h">
      <Filter>Header Files</Filter>
    </ClInclude>
    <ClInclude Include="Library\Entity\Sprite.h">
      <Filter>Header Files</Filter>
    </ClInclude>
    <ClInclude Include="Library\Entity\Components.h">
      <Filter>Header Files</Filter>
    </ClInclude>
    <ClInclude Include="Library\Collision\Plane.h">
      <Filter>Header Files</Filter>
    </ClInclude>
    <ClInclude Include="Library\Collision\Ray.h">
      <Filter>Header Files</Filter>
    </ClInclude>
    <ClInclude Include="Library\Collision\CircleCollider.h">
      <Filter>Header Files</Filter>
    </ClInclude>
    <ClInclude Include="Library\Collision\Collider.h">
      <Filter>Header Files</Filter>
    </ClInclude>
    <ClInclude Include="Library\Collision\ConvexCollider.h">
      <Filter>Header Files</Filter>
    </ClInclude>
    <ClInclude Include="Library\Collision\Physics\phys.h">
      <Filter>Header Files</Filter>
    </ClInclude>
  </ItemGroup>
  <ItemGroup>
    <Library Include="Rendering\sfw_d.lib" />
  </ItemGroup>
</Project>